
Microsoft Visual Studio Solution File, Format Version 12.00
# Visual Studio Version 16
VisualStudioVersion = 16.0.30128.74
MinimumVisualStudioVersion = 10.0.40219.1
Project("{9A19103F-16F7-4668-BE54-9A1E7A4F7556}") = "CaseStudy", "CaseStudy\CaseStudy.csproj", "{55A528AE-8CCC-44D9-BBF9-375AC3525A28}"
EndProject
Project("{9A19103F-16F7-4668-BE54-9A1E7A4F7556}") = "Microservice5", "Microservice5\Microservice5.csproj", "{441440BA-4143-432C-9027-2412AB8ECB9F}"
EndProject
Project("{9A19103F-16F7-4668-BE54-9A1E7A4F7556}") = "Microservice2", "Microservice2\Microservice2.csproj", "{08DF1A74-9C11-4F37-9F81-A283FD524EA2}"
EndProject
Project("{9A19103F-16F7-4668-BE54-9A1E7A4F7556}") = "Microservice4", "Microservice4\Microservice4.csproj", "{8C95B03E-36EE-432B-A065-B2BB17F17071}"
EndProject
Project("{FAE04EC0-301F-11D3-BF4B-00C04F79EFBC}") = "Microservice3", "Microservice3\Microservice3.csproj", "{5817DC62-173E-47F5-8FF7-B39E6B9317A0}"
EndProject
Global
	GlobalSection(SolutionConfigurationPlatforms) = preSolution
		Debug|Any CPU = Debug|Any CPU
		Release|Any CPU = Release|Any CPU
	EndGlobalSection
	GlobalSection(ProjectConfigurationPlatforms) = postSolution
		{55A528AE-8CCC-44D9-BBF9-375AC3525A28}.Debug|Any CPU.ActiveCfg = Debug|Any CPU
		{55A528AE-8CCC-44D9-BBF9-375AC3525A28}.Debug|Any CPU.Build.0 = Debug|Any CPU
		{55A528AE-8CCC-44D9-BBF9-375AC3525A28}.Release|Any CPU.ActiveCfg = Release|Any CPU
		{55A528AE-8CCC-44D9-BBF9-375AC3525A28}.Release|Any CPU.Build.0 = Release|Any CPU
		{441440BA-4143-432C-9027-2412AB8ECB9F}.Debug|Any CPU.ActiveCfg = Debug|Any CPU
		{441440BA-4143-432C-9027-2412AB8ECB9F}.Debug|Any CPU.Build.0 = Debug|Any CPU
		{441440BA-4143-432C-9027-2412AB8ECB9F}.Release|Any CPU.ActiveCfg = Release|Any CPU
		{441440BA-4143-432C-9027-2412AB8ECB9F}.Release|Any CPU.Build.0 = Release|Any CPU
		{08DF1A74-9C11-4F37-9F81-A283FD524EA2}.Debug|Any CPU.ActiveCfg = Debug|Any CPU
		{08DF1A74-9C11-4F37-9F81-A283FD524EA2}.Debug|Any CPU.Build.0 = Debug|Any CPU
		{08DF1A74-9C11-4F37-9F81-A283FD524EA2}.Release|Any CPU.ActiveCfg = Release|Any CPU
		{08DF1A74-9C11-4F37-9F81-A283FD524EA2}.Release|Any CPU.Build.0 = Release|Any CPU
		{8C95B03E-36EE-432B-A065-B2BB17F17071}.Debug|Any CPU.ActiveCfg = Debug|Any CPU
		{8C95B03E-36EE-432B-A065-B2BB17F17071}.Debug|Any CPU.Build.0 = Debug|Any CPU
		{8C95B03E-36EE-432B-A065-B2BB17F17071}.Release|Any CPU.ActiveCfg = Release|Any CPU
		{8C95B03E-36EE-432B-A065-B2BB17F17071}.Release|Any CPU.Build.0 = Release|Any CPU
		{5817DC62-173E-47F5-8FF7-B39E6B9317A0}.Debug|Any CPU.ActiveCfg = Debug|Any CPU
		{5817DC62-173E-47F5-8FF7-B39E6B9317A0}.Debug|Any CPU.Build.0 = Debug|Any CPU
		{5817DC62-173E-47F5-8FF7-B39E6B9317A0}.Release|Any CPU.ActiveCfg = Release|Any CPU
		{5817DC62-173E-47F5-8FF7-B39E6B9317A0}.Release|Any CPU.Build.0 = Release|Any CPU
	EndGlobalSection
	GlobalSection(SolutionProperties) = preSolution
		HideSolutionNode = FALSE
	EndGlobalSection
	GlobalSection(ExtensibilityGlobals) = postSolution
		SolutionGuid = {BD3584F7-B3E2-45C1-9F0F-794731A2032D}
	EndGlobalSection
EndGlobal
